
Microsoft Visual Studio Solution File, Format Version 12.00
# Visual Studio Version 16
VisualStudioVersion = 16.0.810.4
MinimumVisualStudioVersion = 10.0.40219.1
Project("{FAE04EC0-301F-11D3-BF4B-00C04F79EFBC}") = "Simulator", "Simulator.csproj", "{F4D4726A-01C6-4934-ACB6-E6457778119C}"
EndProject
Global
	GlobalSection(SolutionConfigurationPlatforms) = preSolution
		Debug|Any CPU = Debug|Any CPU
		Release|Any CPU = Release|Any CPU
	EndGlobalSection
	GlobalSection(ProjectConfigurationPlatforms) = postSolution
		{F4D4726A-01C6-4934-ACB6-E6457778119C}.Debug|Any CPU.ActiveCfg = Debug|Any CPU
		{F4D4726A-01C6-4934-ACB6-E6457778119C}.Debug|Any CPU.Build.0 = Debug|Any CPU
		{F4D4726A-01C6-4934-ACB6-E6457778119C}.Release|Any CPU.ActiveCfg = Release|Any CPU
		{F4D4726A-01C6-4934-ACB6-E6457778119C}.Release|Any CPU.Build.0 = Release|Any CPU
	EndGlobalSection
	GlobalSection(SolutionProperties) = preSolution
		HideSolutionNode = FALSE
	EndGlobalSection
	GlobalSection(ExtensibilityGlobals) = postSolution
		SolutionGuid = {3D5494B9-5FE5-44E9-A336-D874C285A97F}
	EndGlobalSection
EndGlobal
